lockfileVersion: '6.0'

settings:
  autoInstallPeers: true
  excludeLinksFromLockfile: false

dependencies:
  hjson:
    specifier: ^3.2.2
    version: 3.2.2

packages:

  /hjson@3.2.2:
    resolution: {integrity: sha512-MkUeB0cTIlppeSsndgESkfFD21T2nXPRaBStLtf3cAYA2bVEFdXlodZB0TukwZiobPD1Ksax5DK4RTZeaXCI3Q==}
    hasBin: true
    dev: false
