lockfileVersion: '6.0'

settings:
  autoInstallPeers: true
  excludeLinksFromLockfile: false

dependencies:
  colorjs.io:
    specifier: ^0.4.5
    version: 0.4.5
  d3-color:
    specifier: ^3.1.0
    version: 3.1.0
  hjson:
    specifier: ^3.2.2
    version: 3.2.2

packages:

  /colorjs.io@0.4.5:
    resolution: {integrity: sha512-yCtUNCmge7llyfd/Wou19PMAcf5yC3XXhgFoAh6zsO2pGswhUPBaaUh8jzgHnXtXuZyFKzXZNAnyF5i+apICow==}
    dev: false

  /d3-color@3.1.0:
    resolution: {integrity: sha512-zg/chbXyeBtMQ1LbD/WSoW2DpC3I0mpmPdW+ynRTj/x2DAWYrIY7qeZIHidozwV24m4iavr15lNwIwLxRmOxhA==}
    engines: {node: '>=12'}
    dev: false

  /hjson@3.2.2:
    resolution: {integrity: sha512-MkUeB0cTIlppeSsndgESkfFD21T2nXPRaBStLtf3cAYA2bVEFdXlodZB0TukwZiobPD1Ksax5DK4RTZeaXCI3Q==}
    hasBin: true
    dev: false
